
Microsoft Visual Studio Solution File, Format Version 12.00
# Visual Studio Version 16
VisualStudioVersion = 16.0.31205.134
MinimumVisualStudioVersion = 10.0.40219.1
Project("{9A19103F-16F7-4668-BE54-9A1E7A4F7556}") = "RegistrationLogin", "RegistrationLogin.csproj", "{E33FC371-F4C8-4A2C-B41B-6B7E83DC36A0}"
EndProject
Project("{9A19103F-16F7-4668-BE54-9A1E7A4F7556}") = "RegistrationLoginRazor", "..\RegistrationLoginRazor\RegistrationLoginRazor.csproj", "{10295619-1980-4945-A47D-BE741E097356}"
EndProject
Global
	GlobalSection(SolutionConfigurationPlatforms) = preSolution
		Debug|Any CPU = Debug|Any CPU
		Release|Any CPU = Release|Any CPU
	EndGlobalSection
	GlobalSection(ProjectConfigurationPlatforms) = postSolution
		{E33FC371-F4C8-4A2C-B41B-6B7E83DC36A0}.Debug|Any CPU.ActiveCfg = Debug|Any CPU
		{E33FC371-F4C8-4A2C-B41B-6B7E83DC36A0}.Debug|Any CPU.Build.0 = Debug|Any CPU
		{E33FC371-F4C8-4A2C-B41B-6B7E83DC36A0}.Release|Any CPU.ActiveCfg = Release|Any CPU
		{E33FC371-F4C8-4A2C-B41B-6B7E83DC36A0}.Release|Any CPU.Build.0 = Release|Any CPU
		{10295619-1980-4945-A47D-BE741E097356}.Debug|Any CPU.ActiveCfg = Debug|Any CPU
		{10295619-1980-4945-A47D-BE741E097356}.Debug|Any CPU.Build.0 = Debug|Any CPU
		{10295619-1980-4945-A47D-BE741E097356}.Release|Any CPU.ActiveCfg = Release|Any CPU
		{10295619-1980-4945-A47D-BE741E097356}.Release|Any CPU.Build.0 = Release|Any CPU
	EndGlobalSection
	GlobalSection(SolutionProperties) = preSolution
		HideSolutionNode = FALSE
	EndGlobalSection
	GlobalSection(ExtensibilityGlobals) = postSolution
		SolutionGuid = {97B57728-250D-47D5-B61A-409C5FFA85C5}
	EndGlobalSection
EndGlobal
